
Microsoft Visual Studio Solution File, Format Version 12.00
# Visual Studio Version 16
VisualStudioVersion = 16.0.31829.152
MinimumVisualStudioVersion = 10.0.40219.1
Project("{9A19103F-16F7-4668-BE54-9A1E7A4F7556}") = "THLSC", "THLSC\THLSC.csproj", "{02A71D4D-861D-455E-A3D5-E8AD41115925}"
EndProject
Project("{2150E333-8FDC-42A3-9474-1A3956D46DE8}") = "Submodules", "Submodules", "{6042B665-4638-47B7-A73F-BEEA38B0847A}"
EndProject
Project("{9A19103F-16F7-4668-BE54-9A1E7A4F7556}") = "SharpTori", "SharpTori\SharpTori\SharpTori.csproj", "{BB1359CA-1846-4157-8A1A-A51E61F212A8}"
EndProject
Global
	GlobalSection(SolutionConfigurationPlatforms) = preSolution
		Debug|Any CPU = Debug|Any CPU
		Release|Any CPU = Release|Any CPU
	EndGlobalSection
	GlobalSection(ProjectConfigurationPlatforms) = postSolution
		{02A71D4D-861D-455E-A3D5-E8AD41115925}.Debug|Any CPU.ActiveCfg = Debug|Any CPU
		{02A71D4D-861D-455E-A3D5-E8AD41115925}.Debug|Any CPU.Build.0 = Debug|Any CPU
		{02A71D4D-861D-455E-A3D5-E8AD41115925}.Release|Any CPU.ActiveCfg = Release|Any CPU
		{02A71D4D-861D-455E-A3D5-E8AD41115925}.Release|Any CPU.Build.0 = Release|Any CPU
		{BB1359CA-1846-4157-8A1A-A51E61F212A8}.Debug|Any CPU.ActiveCfg = Debug|Any CPU
		{BB1359CA-1846-4157-8A1A-A51E61F212A8}.Debug|Any CPU.Build.0 = Debug|Any CPU
		{BB1359CA-1846-4157-8A1A-A51E61F212A8}.Release|Any CPU.ActiveCfg = Release|Any CPU
		{BB1359CA-1846-4157-8A1A-A51E61F212A8}.Release|Any CPU.Build.0 = Release|Any CPU
	EndGlobalSection
	GlobalSection(SolutionProperties) = preSolution
		HideSolutionNode = FALSE
	EndGlobalSection
	GlobalSection(NestedProjects) = preSolution
		{BB1359CA-1846-4157-8A1A-A51E61F212A8} = {6042B665-4638-47B7-A73F-BEEA38B0847A}
	EndGlobalSection
	GlobalSection(ExtensibilityGlobals) = postSolution
		SolutionGuid = {9C8B7789-9045-4ABD-8207-5BBFE7D95FDE}
	EndGlobalSection
EndGlobal
